// !$*UTF8*$!
{
	archiveVersion = 1;
	classes = {
	};
	objectVersion = 50;
	objects = {

/* Begin PBXBuildFile section */
		591F9E46245621D500C5A2D8 /* AppDelegate.swift in Sources */ = {isa = PBXBuildFile; fileRef = 591F9E45245621D500C5A2D8 /* AppDelegate.swift */; };
		591F9E48245621D500C5A2D8 /* SceneDelegate.swift in Sources */ = {isa = PBXBuildFile; fileRef = 591F9E47245621D500C5A2D8 /* SceneDelegate.swift */; };
		591F9E4A245621D500C5A2D8 /* ContentView.swift in Sources */ = {isa = PBXBuildFile; fileRef = 591F9E49245621D500C5A2D8 /* ContentView.swift */; };
		591F9E4C245621DA00C5A2D8 /* Assets.xcassets in Resources */ = {isa = PBXBuildFile; fileRef = 591F9E4B245621DA00C5A2D8 /* Assets.xcassets */; };
		591F9E4F245621DA00C5A2D8 /* Preview Assets.xcassets in Resources */ = {isa = PBXBuildFile; fileRef = 591F9E4E245621DA00C5A2D8 /* Preview Assets.xcassets */; };
		591F9E52245621DA00C5A2D8 /* LaunchScreen.storyboard in Resources */ = {isa = PBXBuildFile; fileRef = 591F9E50245621DA00C5A2D8 /* LaunchScreen.storyboard */; };
		591F9E5D245621DA00C5A2D8 /* AnishaProductTests.swift in Sources */ = {isa = PBXBuildFile; fileRef = 591F9E5C245621DA00C5A2D8 /* AnishaProductTests.swift */; };
		591F9E68245621DA00C5A2D8 /* AnishaProductUITests.swift in Sources */ = {isa = PBXBuildFile; fileRef = 591F9E67245621DA00C5A2D8 /* AnishaProductUITests.swift */; };
/* End PBXBuildFile section */

/* Begin PBXContainerItemProxy section */
		591F9E59245621DA00C5A2D8 /* PBXContainerItemProxy */ = {
			isa = PBXContainerItemProxy;
			containerPortal = 591F9E3A245621D500C5A2D8 /* Project object */;
			proxyType = 1;
			remoteGlobalIDString = 591F9E41245621D500C5A2D8;
			remoteInfo = AnishaProduct;
		};
		591F9E64245621DA00C5A2D8 /* PBXContainerItemProxy */ = {
			isa = PBXContainerItemProxy;
			containerPortal = 591F9E3A245621D500C5A2D8 /* Project object */;
			proxyType = 1;
			remoteGlobalIDString = 591F9E41245621D500C5A2D8;
			remoteInfo = AnishaProduct;
		};
/* End PBXContainerItemProxy section */

/* Begin PBXFileReference section */
		591F9E42245621D500C5A2D8 /* AnishaProduct.app */ = {isa = PBXFileReference; explicitFileType = wrapper.application; includeInIndex = 0; path = AnishaProduct.app; sourceTree = BUILT_PRODUCTS_DIR; };
		591F9E45245621D500C5A2D8 /* AppDelegate.swift */ = {isa = PBXFileReference; lastKnownFileType = sourcecode.swift; path = AppDelegate.swift; sourceTree = "<group>"; };
		591F9E47245621D500C5A2D8 /* SceneDelegate.swift */ = {isa = PBXFileReference; lastKnownFileType = sourcecode.swift; path = SceneDelegate.swift; sourceTree = "<group>"; };
		591F9E49245621D500C5A2D8 /* ContentView.swift */ = {isa = PBXFileReference; lastKnownFileType = sourcecode.swift; path = ContentView.swift; sourceTree = "<group>"; };
		591F9E4B245621DA00C5A2D8 /* Assets.xcassets */ = {isa = PBXFileReference; lastKnownFileType = folder.assetcatalog; path = Assets.xcassets; sourceTree = "<group>"; };
		591F9E4E245621DA00C5A2D8 /* Preview Assets.xcassets */ = {isa = PBXFileReference; lastKnownFileType = folder.assetcatalog; path = "Preview Assets.xcassets"; sourceTree = "<group>"; };
		591F9E51245621DA00C5A2D8 /* Base */ = {isa = PBXFileReference; lastKnownFileType = file.storyboard; name = Base; path = Base.lproj/LaunchScreen.storyboard; sourceTree = "<group>"; };
		591F9E53245621DA00C5A2D8 /* Info.plist */ = {isa = PBXFileReference; lastKnownFileType = text.plist.xml; path = Info.plist; sourceTree = "<group>"; };
		591F9E58245621DA00C5A2D8 /* AnishaProductTests.xctest */ = {isa = PBXFileReference; explicitFileType = wrapper.cfbundle; includeInIndex = 0; path = AnishaProductTests.xctest; sourceTree = BUILT_PRODUCTS_DIR; };
		591F9E5C245621DA00C5A2D8 /* AnishaProductTests.swift */ = {isa = PBXFileReference; lastKnownFileType = sourcecode.swift; path = AnishaProductTests.swift; sourceTree = "<group>"; };
		591F9E5E245621DA00C5A2D8 /* Info.plist */ = {isa = PBXFileReference; lastKnownFileType = text.plist.xml; path = Info.plist; sourceTree = "<group>"; };
		591F9E63245621DA00C5A2D8 /* AnishaProductUITests.xctest */ = {isa = PBXFileReference; explicitFileType = wrapper.cfbundle; includeInIndex = 0; path = AnishaProductUITests.xctest; sourceTree = BUILT_PRODUCTS_DIR; };
		591F9E67245621DA00C5A2D8 /* AnishaProductUITests.swift */ = {isa = PBXFileReference; lastKnownFileType = sourcecode.swift; path = AnishaProductUITests.swift; sourceTree = "<group>"; };
		591F9E69245621DA00C5A2D8 /* Info.plist */ = {isa = PBXFileReference; lastKnownFileType = text.plist.xml; path = Info.plist; sourceTree = "<group>"; };
/* End PBXFileReference section */

/* Begin PBXFrameworksBuildPhase section */
		591F9E3F245621D500C5A2D8 /* Frameworks */ = {
			isa = PBXFrameworksBuildPhase;
			buildActionMask = 2147483647;
			files = (
			);
			runOnlyForDeploymentPostprocessing = 0;
		};
		591F9E55245621DA00C5A2D8 /* Frameworks */ = {
			isa = PBXFrameworksBuildPhase;
			buildActionMask = 2147483647;
			files = (
			);
			runOnlyForDeploymentPostprocessing = 0;
		};
		591F9E60245621DA00C5A2D8 /* Frameworks */ = {
			isa = PBXFrameworksBuildPhase;
			buildActionMask = 2147483647;
			files = (
			);
			runOnlyForDeploymentPostprocessing = 0;
		};
/* End PBXFrameworksBuildPhase section */

/* Begin PBXGroup section */
		591F9E39245621D500C5A2D8 = {
			isa = PBXGroup;
			children = (
				591F9E44245621D500C5A2D8 /* AnishaProduct */,
				591F9E5B245621DA00C5A2D8 /* AnishaProductTests */,
				591F9E66245621DA00C5A2D8 /* AnishaProductUITests */,
				591F9E43245621D500C5A2D8 /* Products */,
			);
			sourceTree = "<group>";
		};
		591F9E43245621D500C5A2D8 /* Products */ = {
			isa = PBXGroup;
			children = (
				591F9E42245621D500C5A2D8 /* AnishaProduct.app */,
				591F9E58245621DA00C5A2D8 /* AnishaProductTests.xctest */,
				591F9E63245621DA00C5A2D8 /* AnishaProductUITests.xctest */,
			);
			name = Products;
			sourceTree = "<group>";
		};
		591F9E44245621D500C5A2D8 /* AnishaProduct */ = {
			isa = PBXGroup;
			children = (
				591F9E45245621D500C5A2D8 /* AppDelegate.swift */,
				591F9E47245621D500C5A2D8 /* SceneDelegate.swift */,
				591F9E49245621D500C5A2D8 /* ContentView.swift */,
				591F9E4B245621DA00C5A2D8 /* Assets.xcassets */,
				591F9E50245621DA00C5A2D8 /* LaunchScreen.storyboard */,
				591F9E53245621DA00C5A2D8 /* Info.plist */,
				591F9E4D245621DA00C5A2D8 /* Preview Content */,
			);
			path = AnishaProduct;
			sourceTree = "<group>";
		};
		591F9E4D245621DA00C5A2D8 /* Preview Content */ = {
			isa = PBXGroup;
			children = (
				591F9E4E245621DA00C5A2D8 /* Preview Assets.xcassets */,
			);
			path = "Preview Content";
			sourceTree = "<group>";
		};
		591F9E5B245621DA00C5A2D8 /* AnishaProductTests */ = {
			isa = PBXGroup;
			children = (
				591F9E5C245621DA00C5A2D8 /* AnishaProductTests.swift */,
				591F9E5E245621DA00C5A2D8 /* Info.plist */,
			);
			path = AnishaProductTests;
			sourceTree = "<group>";
		};
		591F9E66245621DA00C5A2D8 /* AnishaProductUITests */ = {
			isa = PBXGroup;
			children = (
				591F9E67245621DA00C5A2D8 /* AnishaProductUITests.swift */,
				591F9E69245621DA00C5A2D8 /* Info.plist */,
			);
			path = AnishaProductUITests;
			sourceTree = "<group>";
		};
/* End PBXGroup section */

/* Begin PBXNativeTarget section */
		591F9E41245621D500C5A2D8 /* AnishaProduct */ = {
			isa = PBXNativeTarget;
			buildConfigurationList = 591F9E6C245621DA00C5A2D8 /* Build configuration list for PBXNativeTarget "AnishaProduct" */;
			buildPhases = (
				591F9E3E245621D500C5A2D8 /* Sources */,
				591F9E3F245621D500C5A2D8 /* Frameworks */,
				591F9E40245621D500C5A2D8 /* Resources */,
			);
			buildRules = (
			);
			dependencies = (
			);
			name = AnishaProduct;
			productName = AnishaProduct;
			productReference = 591F9E42245621D500C5A2D8 /* AnishaProduct.app */;
			productType = "com.apple.product-type.application";
		};
		591F9E57245621DA00C5A2D8 /* AnishaProductTests */ = {
			isa = PBXNativeTarget;
			buildConfigurationList = 591F9E6F245621DA00C5A2D8 /* Build configuration list for PBXNativeTarget "AnishaProductTests" */;
			buildPhases = (
				591F9E54245621DA00C5A2D8 /* Sources */,
				591F9E55245621DA00C5A2D8 /* Frameworks */,
				591F9E56245621DA00C5A2D8 /* Resources */,
			);
			buildRules = (
			);
			dependencies = (
				591F9E5A245621DA00C5A2D8 /* PBXTargetDependency */,
			);
			name = AnishaProductTests;
			productName = AnishaProductTests;
			productReference = 591F9E58245621DA00C5A2D8 /* AnishaProductTests.xctest */;
			productType = "com.apple.product-type.bundle.unit-test";
		};
		591F9E62245621DA00C5A2D8 /* AnishaProductUITests */ = {
			isa = PBXNativeTarget;
			buildConfigurationList = 591F9E72245621DA00C5A2D8 /* Build configuration list for PBXNativeTarget "AnishaProductUITests" */;
			buildPhases = (
				591F9E5F245621DA00C5A2D8 /* Sources */,
				591F9E60245621DA00C5A2D8 /* Frameworks */,
				591F9E61245621DA00C5A2D8 /* Resources */,
			);
			buildRules = (
			);
			dependencies = (
				591F9E65245621DA00C5A2D8 /* PBXTargetDependency */,
			);
			name = AnishaProductUITests;
			productName = AnishaProductUITests;
			productReference = 591F9E63245621DA00C5A2D8 /* AnishaProductUITests.xctest */;
			productType = "com.apple.product-type.bundle.ui-testing";
		};
/* End PBXNativeTarget section */

/* Begin PBXProject section */
		591F9E3A245621D500C5A2D8 /* Project object */ = {
			isa = PBXProject;
			attributes = {
				LastSwiftUpdateCheck = 1140;
				LastUpgradeCheck = 1140;
				ORGANIZATIONNAME = Family;
				TargetAttributes = {
					591F9E41245621D500C5A2D8 = {
						CreatedOnToolsVersion = 11.4.1;
					};
					591F9E57245621DA00C5A2D8 = {
						CreatedOnToolsVersion = 11.4.1;
						TestTargetID = 591F9E41245621D500C5A2D8;
					};
					591F9E62245621DA00C5A2D8 = {
						CreatedOnToolsVersion = 11.4.1;
						TestTargetID = 591F9E41245621D500C5A2D8;
					};
				};
			};
			buildConfigurationList = 591F9E3D245621D500C5A2D8 /* Build configuration list for PBXProject "AnishaProduct" */;
			compatibilityVersion = "Xcode 9.3";
			developmentRegion = en;
			hasScannedForEncodings = 0;
			knownRegions = (
				en,
				Base,
			);
			mainGroup = 591F9E39245621D500C5A2D8;
			productRefGroup = 591F9E43245621D500C5A2D8 /* Products */;
			projectDirPath = "";
			projectRoot = "";
			targets = (
				591F9E41245621D500C5A2D8 /* AnishaProduct */,
				591F9E57245621DA00C5A2D8 /* AnishaProductTests */,
				591F9E62245621DA00C5A2D8 /* AnishaProductUITests */,
			);
		};
/* End PBXProject section */

/* Begin PBXResourcesBuildPhase section */
		591F9E40245621D500C5A2D8 /* Resources */ = {
			isa = PBXResourcesBuildPhase;
			buildActionMask = 2147483647;
			files = (
				591F9E52245621DA00C5A2D8 /* LaunchScreen.storyboard in Resources */,
				591F9E4F245621DA00C5A2D8 /* Preview Assets.xcassets in Resources */,
				591F9E4C245621DA00C5A2D8 /* Assets.xcassets in Resources */,
			);
			runOnlyForDeploymentPostprocessing = 0;
		};
		591F9E56245621DA00C5A2D8 /* Resources */ = {
			isa = PBXResourcesBuildPhase;
			buildActionMask = 2147483647;
			files = (
			);
			runOnlyForDeploymentPostprocessing = 0;
		};
		591F9E61245621DA00C5A2D8 /* Resources */ = {
			isa = PBXResourcesBuildPhase;
			buildActionMask = 2147483647;
			files = (
			);
			runOnlyForDeploymentPostprocessing = 0;
		};
/* End PBXResourcesBuildPhase section */

/* Begin PBXSourcesBuildPhase section */
		591F9E3E245621D500C5A2D8 /* Sources */ = {
			isa = PBXSourcesBuildPhase;
			buildActionMask = 2147483647;
			files = (
				591F9E46245621D500C5A2D8 /* AppDelegate.swift in Sources */,
				591F9E48245621D500C5A2D8 /* SceneDelegate.swift in Sources */,
				591F9E4A245621D500C5A2D8 /* ContentView.swift in Sources */,
			);
			runOnlyForDeploymentPostprocessing = 0;
		};
		591F9E54245621DA00C5A2D8 /* Sources */ = {
			isa = PBXSourcesBuildPhase;
			buildActionMask = 2147483647;
			files = (
				591F9E5D245621DA00C5A2D8 /* AnishaProductTests.swift in Sources */,
			);
			runOnlyForDeploymentPostprocessing = 0;
		};
		591F9E5F245621DA00C5A2D8 /* Sources */ = {
			isa = PBXSourcesBuildPhase;
			buildActionMask = 2147483647;
			files = (
				591F9E68245621DA00C5A2D8 /* AnishaProductUITests.swift in Sources */,
			);
			runOnlyForDeploymentPostprocessing = 0;
		};
/* End PBXSourcesBuildPhase section */

/* Begin PBXTargetDependency section */
		591F9E5A245621DA00C5A2D8 /* PBXTargetDependency */ = {
			isa = PBXTargetDependency;
			target = 591F9E41245621D500C5A2D8 /* AnishaProduct */;
			targetProxy = 591F9E59245621DA00C5A2D8 /* PBXContainerItemProxy */;
		};
		591F9E65245621DA00C5A2D8 /* PBXTargetDependency */ = {
			isa = PBXTargetDependency;
			target = 591F9E41245621D500C5A2D8 /* AnishaProduct */;
			targetProxy = 591F9E64245621DA00C5A2D8 /* PBXContainerItemProxy */;
		};
/* End PBXTargetDependency section */

/* Begin PBXVariantGroup section */
		591F9E50245621DA00C5A2D8 /* LaunchScreen.storyboard */ = {
			isa = PBXVariantGroup;
			children = (
				591F9E51245621DA00C5A2D8 /* Base */,
			);
			name = LaunchScreen.storyboard;
			sourceTree = "<group>";
		};
/* End PBXVariantGroup section */

/* Begin XCBuildConfiguration section */
		591F9E6A245621DA00C5A2D8 /* Debug */ = {
			isa = XCBuildConfiguration;
			buildSettings = {
				ALWAYS_SEARCH_USER_PATHS = NO;
				CLANG_ANALYZER_NONNULL = YES;
				CLANG_ANALYZER_NUMBER_OBJECT_CONVERSION = YES_AGGRESSIVE;
				CLANG_CXX_LANGUAGE_STANDARD = "gnu++14";
				CLANG_CXX_LIBRARY = "libc++";
				CLANG_ENABLE_MODULES = YES;
				CLANG_ENABLE_OBJC_ARC = YES;
				CLANG_ENABLE_OBJC_WEAK = YES;
				CLANG_WARN_BLOCK_CAPTURE_AUTORELEASING = YES;
				CLANG_WARN_BOOL_CONVERSION = YES;
				CLANG_WARN_COMMA = YES;
				CLANG_WARN_CONSTANT_CONVERSION = YES;
				CLANG_WARN_DEPRECATED_OBJC_IMPLEMENTATIONS = YES;
				CLANG_WARN_DIRECT_OBJC_ISA_USAGE = YES_ERROR;
				CLANG_WARN_DOCUMENTATION_COMMENTS = YES;
				CLANG_WARN_EMPTY_BODY = YES;
				CLANG_WARN_ENUM_CONVERSION = YES;
				CLANG_WARN_INFINITE_RECURSION = YES;
				CLANG_WARN_INT_CONVERSION = YES;
				CLANG_WARN_NON_LITERAL_NULL_CONVERSION = YES;
				CLANG_WARN_OBJC_IMPLICIT_RETAIN_SELF = YES;
				CLANG_WARN_OBJC_LITERAL_CONVERSION = YES;
				CLANG_WARN_OBJC_ROOT_CLASS = YES_ERROR;
				CLANG_WARN_RANGE_LOOP_ANALYSIS = YES;
				CLANG_WARN_STRICT_PROTOTYPES = YES;
				CLANG_WARN_SUSPICIOUS_MOVE = YES;
				CLANG_WARN_UNGUARDED_AVAILABILITY = YES_AGGRESSIVE;
				CLANG_WARN_UNREACHABLE_CODE = YES;
				CLANG_WARN__DUPLICATE_METHOD_MATCH = YES;
				COPY_PHASE_STRIP = NO;
				DEBUG_INFORMATION_FORMAT = dwarf;
				ENABLE_STRICT_OBJC_MSGSEND = YES;
				ENABLE_TESTABILITY = YES;
				GCC_C_LANGUAGE_STANDARD = gnu11;
				GCC_DYNAMIC_NO_PIC = NO;
				GCC_NO_COMMON_BLOCKS = YES;
				GCC_OPTIMIZATION_LEVEL = 0;
				GCC_PREPROCESSOR_DEFINITIONS = (
					"DEBUG=1",
					"$(inherited)",
				);
				GCC_WARN_64_TO_32_BIT_CONVERSION = YES;
				GCC_WARN_ABOUT_RETURN_TYPE = YES_ERROR;
				GCC_WARN_UNDECLARED_SELECTOR = YES;
				GCC_WARN_UNINITIALIZED_AUTOS = YES_AGGRESSIVE;
				GCC_WARN_UNUSED_FUNCTION = YES;
				GCC_WARN_UNUSED_VARIABLE = YES;
				IPHONEOS_DEPLOYMENT_TARGET = 13.4;
				MTL_ENABLE_DEBUG_INFO = INCLUDE_SOURCE;
				MTL_FAST_MATH = YES;
				ONLY_ACTIVE_ARCH = YES;
				SDKROOT = iphoneos;
				SWIFT_ACTIVE_COMPILATION_CONDITIONS = DEBUG;
				SWIFT_OPTIMIZATION_LEVEL = "-Onone";
			};
			name = Debug;
		};
		591F9E6B245621DA00C5A2D8 /* Release */ = {
			isa = XCBuildConfiguration;
			buildSettings = {
				ALWAYS_SEARCH_USER_PATHS = NO;
				CLANG_ANALYZER_NONNULL = YES;
				CLANG_ANALYZER_NUMBER_OBJECT_CONVERSION = YES_AGGRESSIVE;
				CLANG_CXX_LANGUAGE_STANDARD = "gnu++14";
				CLANG_CXX_LIBRARY = "libc++";
				CLANG_ENABLE_MODULES = YES;
				CLANG_ENABLE_OBJC_ARC = YES;
				CLANG_ENABLE_OBJC_WEAK = YES;
				CLANG_WARN_BLOCK_CAPTURE_AUTORELEASING = YES;
				CLANG_WARN_BOOL_CONVERSION = YES;
				CLANG_WARN_COMMA = YES;
				CLANG_WARN_CONSTANT_CONVERSION = YES;
				CLANG_WARN_DEPRECATED_OBJC_IMPLEMENTATIONS = YES;
				CLANG_WARN_DIRECT_OBJC_ISA_USAGE = YES_ERROR;
				CLANG_WARN_DOCUMENTATION_COMMENTS = YES;
				CLANG_WARN_EMPTY_BODY = YES;
				CLANG_WARN_ENUM_CONVERSION = YES;
				CLANG_WARN_INFINITE_RECURSION = YES;
				CLANG_WARN_INT_CONVERSION = YES;
				CLANG_WARN_NON_LITERAL_NULL_CONVERSION = YES;
				CLANG_WARN_OBJC_IMPLICIT_RETAIN_SELF = YES;
				CLANG_WARN_OBJC_LITERAL_CONVERSION = YES;
				CLANG_WARN_OBJC_ROOT_CLASS = YES_ERROR;
				CLANG_WARN_RANGE_LOOP_ANALYSIS = YES;
				CLANG_WARN_STRICT_PROTOTYPES = YES;
				CLANG_WARN_SUSPICIOUS_MOVE = YES;
				CLANG_WARN_UNGUARDED_AVAILABILITY = YES_AGGRESSIVE;
				CLANG_WARN_UNREACHABLE_CODE = YES;
				CLANG_WARN__DUPLICATE_METHOD_MATCH = YES;
				COPY_PHASE_STRIP = NO;
				DEBUG_INFORMATION_FORMAT = "dwarf-with-dsym";
				ENABLE_NS_ASSERTIONS = NO;
				ENABLE_STRICT_OBJC_MSGSEND = YES;
				GCC_C_LANGUAGE_STANDARD = gnu11;
				GCC_NO_COMMON_BLOCKS = YES;
				GCC_WARN_64_TO_32_BIT_CONVERSION = YES;
				GCC_WARN_ABOUT_RETURN_TYPE = YES_ERROR;
				GCC_WARN_UNDECLARED_SELECTOR = YES;
				GCC_WARN_UNINITIALIZED_AUTOS = YES_AGGRESSIVE;
				GCC_WARN_UNUSED_FUNCTION = YES;
				GCC_WARN_UNUSED_VARIABLE = YES;
				IPHONEOS_DEPLOYMENT_TARGET = 13.4;
				MTL_ENABLE_DEBUG_INFO = NO;
				MTL_FAST_MATH = YES;
				SDKROOT = iphoneos;
				SWIFT_COMPILATION_MODE = wholemodule;
				SWIFT_OPTIMIZATION_LEVEL = "-O";
				VALIDATE_PRODUCT = YES;
			};
			name = Release;
		};
		591F9E6D245621DA00C5A2D8 /* Debug */ = {
			isa = XCBuildConfiguration;
			buildSettings = {
				ASSETCATALOG_COMPILER_APPICON_NAME = AppIcon;
				CODE_SIGN_STYLE = Automatic;
				DEVELOPMENT_ASSET_PATHS = "\"AnishaProduct/Preview Content\"";
				ENABLE_PREVIEWS = YES;
				INFOPLIST_FILE = AnishaProduct/Info.plist;
				LD_RUNPATH_SEARCH_PATHS = (
					"$(inherited)",
					"@executable_path/Frameworks",
				);
				PRODUCT_BUNDLE_IDENTIFIER = Family.AnishaProduct;
				PRODUCT_NAME = "$(TARGET_NAME)";
				SWIFT_VERSION = 5.0;
				TARGETED_DEVICE_FAMILY = "1,2";
			};
			name = Debug;
		};
		591F9E6E245621DA00C5A2D8 /* Release */ = {
			isa = XCBuildConfiguration;
			buildSettings = {
				ASSETCATALOG_COMPILER_APPICON_NAME = AppIcon;
				CODE_SIGN_STYLE = Automatic;
				DEVELOPMENT_ASSET_PATHS = "\"AnishaProduct/Preview Content\"";
				ENABLE_PREVIEWS = YES;
				INFOPLIST_FILE = AnishaProduct/Info.plist;
				LD_RUNPATH_SEARCH_PATHS = (
					"$(inherited)",
					"@executable_path/Frameworks",
				);
				PRODUCT_BUNDLE_IDENTIFIER = Family.AnishaProduct;
				PRODUCT_NAME = "$(TARGET_NAME)";
				SWIFT_VERSION = 5.0;
				TARGETED_DEVICE_FAMILY = "1,2";
			};
			name = Release;
		};
		591F9E70245621DA00C5A2D8 /* Debug */ = {
			isa = XCBuildConfiguration;
			buildSettings = {
				ALWAYS_EMBED_SWIFT_STANDARD_LIBRARIES = YES;
				BUNDLE_LOADER = "$(TEST_HOST)";
				CODE_SIGN_STYLE = Automatic;
				INFOPLIST_FILE = AnishaProductTests/Info.plist;
				IPHONEOS_DEPLOYMENT_TARGET = 13.4;
				LD_RUNPATH_SEARCH_PATHS = (
					"$(inherited)",
					"@executable_path/Frameworks",
					"@loader_path/Frameworks",
				);
				PRODUCT_BUNDLE_IDENTIFIER = Family.AnishaProductTests;
				PRODUCT_NAME = "$(TARGET_NAME)";
				SWIFT_VERSION = 5.0;
				TARGETED_DEVICE_FAMILY = "1,2";
				TEST_HOST = "$(BUILT_PRODUCTS_DIR)/AnishaProduct.app/AnishaProduct";
			};
			name = Debug;
		};
		591F9E71245621DA00C5A2D8 /* Release */ = {
			isa = XCBuildConfiguration;
			buildSettings = {
				ALWAYS_EMBED_SWIFT_STANDARD_LIBRARIES = YES;
				BUNDLE_LOADER = "$(TEST_HOST)";
				CODE_SIGN_STYLE = Automatic;
				INFOPLIST_FILE = AnishaProductTests/Info.plist;
				IPHONEOS_DEPLOYMENT_TARGET = 13.4;
				LD_RUNPATH_SEARCH_PATHS = (
					"$(inherited)",
					"@executable_path/Frameworks",
					"@loader_path/Frameworks",
				);
				PRODUCT_BUNDLE_IDENTIFIER = Family.AnishaProductTests;
				PRODUCT_NAME = "$(TARGET_NAME)";
				SWIFT_VERSION = 5.0;
				TARGETED_DEVICE_FAMILY = "1,2";
				TEST_HOST = "$(BUILT_PRODUCTS_DIR)/AnishaProduct.app/AnishaProduct";
			};
			name = Release;
		};
		591F9E73245621DA00C5A2D8 /* Debug */ = {
			isa = XCBuildConfiguration;
			buildSettings = {
				ALWAYS_EMBED_SWIFT_STANDARD_LIBRARIES = YES;
				CODE_SIGN_STYLE = Automatic;
				INFOPLIST_FILE = AnishaProductUITests/Info.plist;
				LD_RUNPATH_SEARCH_PATHS = (
					"$(inherited)",
					"@executable_path/Frameworks",
					"@loader_path/Frameworks",
				);
				PRODUCT_BUNDLE_IDENTIFIER = Family.AnishaProductUITests;
				PRODUCT_NAME = "$(TARGET_NAME)";
				SWIFT_VERSION = 5.0;
				TARGETED_DEVICE_FAMILY = "1,2";
				TEST_TARGET_NAME = AnishaProduct;
			};
			name = Debug;
		};
		591F9E74245621DA00C5A2D8 /* Release */ = {
			isa = XCBuildConfiguration;
			buildSettings = {
				ALWAYS_EMBED_SWIFT_STANDARD_LIBRARIES = YES;
				CODE_SIGN_STYLE = Automatic;
				INFOPLIST_FILE = AnishaProductUITests/Info.plist;
				LD_RUNPATH_SEARCH_PATHS = (
					"$(inherited)",
					"@executable_path/Frameworks",
					"@loader_path/Frameworks",
				);
				PRODUCT_BUNDLE_IDENTIFIER = Family.AnishaProductUITests;
				PRODUCT_NAME = "$(TARGET_NAME)";
				SWIFT_VERSION = 5.0;
				TARGETED_DEVICE_FAMILY = "1,2";
				TEST_TARGET_NAME = AnishaProduct;
			};
			name = Release;
		};
/* End XCBuildConfiguration section */

/* Begin XCConfigurationList section */
		591F9E3D245621D500C5A2D8 /* Build configuration list for PBXProject "AnishaProduct" */ = {
			isa = XCConfigurationList;
			buildConfigurations = (
				591F9E6A245621DA00C5A2D8 /* Debug */,
				591F9E6B245621DA00C5A2D8 /* Release */,
			);
			defaultConfigurationIsVisible = 0;
			defaultConfigurationName = Release;
		};
		591F9E6C245621DA00C5A2D8 /* Build configuration list for PBXNativeTarget "AnishaProduct" */ = {
			isa = XCConfigurationList;
			buildConfigurations = (
				591F9E6D245621DA00C5A2D8 /* Debug */,
				591F9E6E245621DA00C5A2D8 /* Release */,
			);
			defaultConfigurationIsVisible = 0;
			defaultConfigurationName = Release;
		};
		591F9E6F245621DA00C5A2D8 /* Build configuration list for PBXNativeTarget "AnishaProductTests" */ = {
			isa = XCConfigurationList;
			buildConfigurations = (
				591F9E70245621DA00C5A2D8 /* Debug */,
				591F9E71245621DA00C5A2D8 /* Release */,
			);
			defaultConfigurationIsVisible = 0;
			defaultConfigurationName = Release;
		};
		591F9E72245621DA00C5A2D8 /* Build configuration list for PBXNativeTarget "AnishaProductUITests" */ = {
			isa = XCConfigurationList;
			buildConfigurations = (
				591F9E73245621DA00C5A2D8 /* Debug */,
				591F9E74245621DA00C5A2D8 /* Release */,
			);
			defaultConfigurationIsVisible = 0;
			defaultConfigurationName = Release;
		};
/* End XCConfigurationList section */
	};
	rootObject = 591F9E3A245621D500C5A2D8 /* Project object */;
}
